# @generated - this file is auto-generated by `mise lock` https://mise.jdx.dev/dev-tools/mise-lock.html

[[tools.claude]]
version = "2.1.258"
backend = "aqua:anthropics/claude-code"

[tools.claude."platforms.linux-x64"]
checksum = "sha256:4dcbd239217dd01a5cf73002eea8f85e945170830d66891948426a09c99f3292"
url = "https://github.com/anthropics/claude-code/releases/download/v2.1.258/claude-linux-x64.tar.gz"
url_api = "https://api.github.com/repos/anthropics/claude-code/releases/assets/540224577"

[tools.claude."platforms.macos-arm64"]
url = "https://storage.googleapis.com/claude-code-dist-86c565f3-f756-42ad-8dfa-d59b1c096819/claude-code-releases/2.1.258/darwin-arm64/claude"

[[tools.codex]]
version = "0.152.1"
backend = "aqua:openai/codex"

[tools.codex."platforms.linux-x64"]
checksum = "sha256:2aeea68239b4d96081b3e7fe91d0d64e4875b224668c381985d22bb31d7566b9"
url = "https://github.com/openai/codex/releases/download/rust-v0.152.1/codex-package-x86_64-unknown-linux-musl.tar.gz"
url_api = "https://api.github.com/repos/openai/codex/releases/assets/540234347"

[tools.codex."platforms.macos-arm64"]
checksum = "sha256:0a5dffe5a4ab6769e70d962708d2a195b2adcf8cb96e7b9d969a2c95d2238575"
url = "https://github.com/openai/codex/releases/download/rust-v0.152.1/codex-package-aarch64-apple-darwin.tar.gz"
url_api = "https://api.github.com/repos/openai/codex/releases/assets/540234419"

[[tools.gh]]
version = "2.99.0"
backend = "aqua:cli/cli"

[tools.gh."platforms.linux-x64"]
checksum = "sha256:ed4960225d2833e04a61590d9fa2b5773d147f3aa375459e5466a40c102f3832"
url = "https://github.com/cli/cli/releases/download/v2.99.0/gh_2.99.0_linux_amd64.tar.gz"
url_api = "https://api.github.com/repos/cli/cli/releases/assets/540091442"
provenance = "github-attestations"

[tools.gh."platforms.macos-arm64"]
checksum = "sha256:94d4bd7e88563a9cb414e651e88acc4f1728a87476752460906d824230748d37"
url = "https://github.com/cli/cli/releases/download/v2.99.0/gh_2.99.0_macOS_arm64.zip"
url_api = "https://api.github.com/repos/cli/cli/releases/assets/540091462"
provenance = "github-attestations"

[[tools.go]]
version = "1.27.0"
backend = "core:go"

[tools.go."platforms.linux-x64"]
checksum = "sha256:675c26c449cbb18fc24b74650de1eabbae6e16f64326fd85a283fb3b58280685"
url = "https://dl.google.com/go/go1.27.0.linux-amd64.tar.gz"

[tools.go."platforms.macos-arm64"]
checksum = "sha256:90493b3bbd5e10f91d12153198bf1994fd756399b4fec93b49b0c6e2acdeeb3e"
url = "https://dl.google.com/go/go1.27.0.darwin-arm64.tar.gz"

[[tools.herdr]]
version = "0.8.2"
backend = "aqua:herdrdev/herdr"

[tools.herdr."platforms.linux-x64"]
checksum = "sha256:976150a14d490c94b243ea2e1a7eb2dfb67f12e36b182db90936f6728e6aecf4"
url = "https://github.com/herdrdev/herdr/releases/download/v0.8.2/herdr-linux-x86_64"
url_api = "https://api.github.com/repos/herdrdev/herdr/releases/assets/521169107"

[tools.herdr."platforms.macos-arm64"]
checksum = "sha256:a5d4f4d504d8b309c91f811050559300faba31258425f53c50852fc96f6ae574"
url = "https://github.com/herdrdev/herdr/releases/download/v0.8.2/herdr-macos-aarch64"
url_api = "https://api.github.com/repos/herdrdev/herdr/releases/assets/521169108"

[[tools.micromamba]]
version = "2.9.0-0"
backend = "github:mamba-org/micromamba-releases"

[tools.micromamba."platforms.linux-x64"]
checksum = "sha256:8761c382127e6363bd9e0a2451aa3ef90d071a79133f736e2f759a3bf13040dd"
url = "https://github.com/mamba-org/micromamba-releases/releases/download/2.9.0-0/micromamba-linux-64.tar.bz2"
url_api = "https://api.github.com/repos/mamba-org/micromamba-releases/releases/assets/505526153"

[tools.micromamba."platforms.macos-arm64"]
checksum = "sha256:500f5074feb8d02c4296ef9921c3650ed2874171805a9fbb8fbb53896433646b"
url = "https://github.com/mamba-org/micromamba-releases/releases/download/2.9.0-0/micromamba-osx-arm64.tar.bz2"
url_api = "https://api.github.com/repos/mamba-org/micromamba-releases/releases/assets/505526141"

[[tools.node]]
version = "26.8.0"
backend = "core:node"

[tools.node."platforms.linux-x64"]
checksum = "sha256:32fcdc8e2e2cc54fbcd6c8cc96ca5bd2e70019ac23000cbd6ccc5663de111b33"
url = "https://nodejs.org/dist/v26.8.0/node-v26.8.0-linux-x64.tar.gz"

[tools.node."platforms.macos-arm64"]
checksum = "sha256:d6516f067a433cd979b27dfdb0bad88ce97f47be33b713d04c8361b1502f19c6"
url = "https://nodejs.org/dist/v26.8.0/node-v26.8.0-darwin-arm64.tar.gz"

[[tools."npm:@doist/todoist-cli"]]
version = "4.0.0"
backend = "npm:@doist/todoist-cli"

[[tools."npm:@google/gemini-cli"]]
version = "0.58.0"
backend = "npm:@google/gemini-cli"

[[tools."npm:@googleworkspace/cli"]]
version = "0.22.5"
backend = "npm:@googleworkspace/cli"

[[tools."npm:@just-every/code"]]
version = "0.6.177"
backend = "npm:@just-every/code"

[[tools."npm:tree-sitter-cli"]]
version = "0.26.13"
backend = "npm:tree-sitter-cli"

[[tools.opencode]]
version = "1.18.26"
backend = "aqua:anomalyco/opencode"

[tools.opencode."platforms.linux-x64"]
checksum = "sha256:7c20c1ffa91bcca0ac903752260bcc36307dff656833baead2f5ef3b224b16c6"
url = "https://github.com/anomalyco/opencode/releases/download/v1.18.26/opencode-linux-x64.tar.gz"
url_api = "https://api.github.com/repos/anomalyco/opencode/releases/assets/540146333"

[tools.opencode."platforms.macos-arm64"]
checksum = "sha256:b05d383149a5a417140e8edebd83064142fa36e74fdfcd5f791919dcb12fd33a"
url = "https://github.com/anomalyco/opencode/releases/download/v1.18.26/opencode-darwin-arm64.zip"
url_api = "https://api.github.com/repos/anomalyco/opencode/releases/assets/540146149"

[[tools.pi]]
version = "0.84.4"
backend = "aqua:earendil-works/pi"

[tools.pi."platforms.linux-x64"]
checksum = "sha256:c2f3c3e6a1850bd87654cc3ca8811013272397c3d042a4e2a64c43ee1b423972"
url = "https://github.com/earendil-works/pi/releases/download/v0.84.4/pi-linux-x64.tar.gz"
url_api = "https://api.github.com/repos/earendil-works/pi/releases/assets/534389946"

[tools.pi."platforms.macos-arm64"]
checksum = "sha256:c68e3ac4d05b4e282aaab2e6c76f161d3e9e68f19a22e38913cbfaadb6c800f0"
url = "https://github.com/earendil-works/pi/releases/download/v0.84.4/pi-darwin-arm64.tar.gz"
url_api = "https://api.github.com/repos/earendil-works/pi/releases/assets/534389952"

[[tools."pipx:black"]]
version = "26.5.1"
backend = "pipx:black"

[[tools."pipx:conda-lock"]]
version = "4.0.2"
backend = "pipx:conda-lock"

[[tools."pipx:conda-package-handling"]]
version = "2.5.0"
backend = "pipx:conda-package-handling"

[[tools."pipx:docling-slim"]]
version = "2.123.0"
backend = "pipx:docling-slim"

[[tools."pipx:markdown-code-runner"]]
version = "2.7.0"
backend = "pipx:markdown-code-runner"

[[tools."pipx:mypy"]]
version = "2.3.1"
backend = "pipx:mypy"

[[tools."pipx:poethepoet"]]
version = "0.48.0"
backend = "pipx:poethepoet"

[[tools."pipx:pre-commit"]]
version = "4.6.2"
backend = "pipx:pre-commit"

[tools."pipx:pre-commit".options]
uvx_args = "--with pre-commit-uv"

[[tools."pipx:ruff"]]
version = "0.16.4"
backend = "pipx:ruff"

[[tools."pipx:tuitorial"]]
version = "0.16.0"
backend = "pipx:tuitorial"

[[tools."pipx:unidep"]]
version = "3.4.2"
backend = "pipx:unidep"

[tools."pipx:unidep".options]
uvx_args = "--with unidep[all]"

[[tools.pixi]]
version = "0.76.2"
backend = "github:prefix-dev/pixi"

[tools.pixi."platforms.linux-x64"]
checksum = "sha256:255f8930c1d68d7d7914253fa56ed6911229980610cac4b5f55334844f6568f7"
url = "https://github.com/prefix-dev/pixi/releases/download/v0.76.2/pixi-x86_64-unknown-linux-musl.tar.gz"
url_api = "https://api.github.com/repos/prefix-dev/pixi/releases/assets/508741051"
provenance = "github-attestations"
provenance_verified = true

[tools.pixi."platforms.macos-arm64"]
checksum = "sha256:621c771029ecc785dcab3acf1db4671b8b2896e87c87d789160f8ed0d871335c"
url = "https://github.com/prefix-dev/pixi/releases/download/v0.76.2/pixi-aarch64-apple-darwin.tar.gz"
url_api = "https://api.github.com/repos/prefix-dev/pixi/releases/assets/508740951"
provenance = "github-attestations"

[[tools.python]]
version = "3.14.7"
backend = "core:python"

[tools.python."platforms.linux-x64"]
checksum = "sha256:3959f92825141e04adf44982d3a83ee57af0877e893b0796e04c1468749d9b04"
url = "https://github.com/astral-sh/python-build-standalone/releases/download/20260901/cpython-3.14.7+20260901-x86_64-unknown-linux-gnu-install_only_stripped.tar.gz"
provenance = "github-attestations"

[tools.python."platforms.macos-arm64"]
checksum = "sha256:4632cb1a6edad9e73d3c81b6d2e69131637d995173e3e85005df14102b0592ba"
url = "https://github.com/astral-sh/python-build-standalone/releases/download/20260901/cpython-3.14.7+20260901-aarch64-apple-darwin-install_only_stripped.tar.gz"
provenance = "github-attestations"

[[tools.rust]]
version = "stable"
backend = "core:rust"

[tools.rust.options]
profile = "default"

[[tools.usage]]
version = "6.6.1"
backend = "aqua:jdx/usage"

[tools.usage."platforms.linux-x64"]
checksum = "sha256:f159816540a3b813d51458ff25344a888e772d9e03d13006140ec5b42023a06e"
url = "https://github.com/jdx/usage/releases/download/v6.6.1/usage-x86_64-unknown-linux-gnu.tar.gz"
url_api = "https://api.github.com/repos/jdx/usage/releases/assets/539822350"

[tools.usage."platforms.macos-arm64"]
checksum = "sha256:2cd11077e8b62c65687c84eab29dae429985acfdea3847b3775a99677f5d6408"
url = "https://github.com/jdx/usage/releases/download/v6.6.1/usage-universal-apple-darwin.tar.gz"
url_api = "https://api.github.com/repos/jdx/usage/releases/assets/539847849"
