# @generated - this file is auto-generated by `mise lock` https://mise.jdx.dev/dev-tools/mise-lock.html

lockfile_version = 1

[[tools.ast-grep]]
version = "0.45.3"
backend = "aqua:ast-grep/ast-grep"
specifiers = ["0.45.3"]

[tools.ast-grep."platforms.linux-x64"]
checksum = "sha256:f8ac830881339d1edee6b2652f54798c0f4da5a827f2db38a08ee31117783ce8"
url = "https://github.com/ast-grep/ast-grep/releases/download/0.45.3/app-x86_64-unknown-linux-gnu.zip"
url_api = "https://api.github.com/repos/ast-grep/ast-grep/releases/assets/537332692"

[tools.ast-grep."platforms.macos-arm64"]
checksum = "sha256:6d2279dea5bea2ad79c66ea93f5fe54ba926e398a8a26de76c56db68fe59eac6"
url = "https://github.com/ast-grep/ast-grep/releases/download/0.45.3/app-aarch64-apple-darwin.zip"
url_api = "https://api.github.com/repos/ast-grep/ast-grep/releases/assets/537332514"

[[tools.bat]]
version = "0.26.1"
backend = "aqua:sharkdp/bat"
specifiers = ["0.26.1"]

[tools.bat."platforms.linux-x64"]
checksum = "sha256:726f04c8f576a7fd18b7634f1bbf2f915c43494c1c0f013baa3287edb0d5a2a3"
url = "https://github.com/sharkdp/bat/releases/download/v0.26.1/bat-v0.26.1-x86_64-unknown-linux-gnu.tar.gz"
url_api = "https://api.github.com/repos/sharkdp/bat/releases/assets/323549181"

[tools.bat."platforms.macos-arm64"]
checksum = "sha256:e30beff26779c9bf60bb541e1d79046250cb74378f2757f8eb250afddb19e114"
url = "https://github.com/sharkdp/bat/releases/download/v0.26.1/bat-v0.26.1-aarch64-apple-darwin.tar.gz"
url_api = "https://api.github.com/repos/sharkdp/bat/releases/assets/323548442"

[[tools.bun]]
version = "1.4.0"
backend = "core:bun"
specifiers = ["1.4.0"]

[tools.bun."platforms.linux-x64"]
checksum = "sha256:2d03fb5fb83ac8b567aca0a281b2ce1a1a19d488f56c2968d88c3f25e92fe452"
url = "https://github.com/oven-sh/bun/releases/download/bun-v1.4.0/bun-linux-x64.zip"

[tools.bun."platforms.linux-x64-baseline"]
checksum = "sha256:184fb4595f0d401a217cf7c78c1bc430ba83314dab7a8b94805babbf7fa7097f"
url = "https://github.com/oven-sh/bun/releases/download/bun-v1.4.0/bun-linux-x64-baseline.zip"

[tools.bun."platforms.linux-x64-musl"]
checksum = "sha256:83b5f12fd258dd8d4fdcaea65ede954366aa717dab399e20093ecab280d54e7a"
url = "https://github.com/oven-sh/bun/releases/download/bun-v1.4.0/bun-linux-x64-musl.zip"

[tools.bun."platforms.linux-x64-musl-baseline"]
checksum = "sha256:618c4bc1f94b02337ee210003c0b7c066f11548a8cdc5109df10db043dc47ca2"
url = "https://github.com/oven-sh/bun/releases/download/bun-v1.4.0/bun-linux-x64-musl-baseline.zip"

[tools.bun."platforms.macos-arm64"]
checksum = "sha256:c669e97f6164e1c96e0701748db98dfa77492908cbd8394c7557134a735de381"
url = "https://github.com/oven-sh/bun/releases/download/bun-v1.4.0/bun-darwin-aarch64.zip"

[[tools.claude]]
version = "2.1.288"
backend = "aqua:anthropics/claude-code"
specifiers = ["latest"]

[tools.claude."platforms.linux-x64"]
checksum = "sha256:5f3e0d5bfc21123a880ba6ffbd10f1b819c5e56204473591be1c1f65847c9368"
url = "https://github.com/anthropics/claude-code/releases/download/v2.1.288/claude-linux-x64.tar.gz"
url_api = "https://api.github.com/repos/anthropics/claude-code/releases/assets/606216002"

[tools.claude."platforms.macos-arm64"]
checksum = "sha256:86616c1bdb2d3581343b41bf1674b936991d74d14b6d5cf205194cd7d2e104fe"
url = "https://github.com/anthropics/claude-code/releases/download/v2.1.288/claude-darwin-arm64.tar.gz"
url_api = "https://api.github.com/repos/anthropics/claude-code/releases/assets/606215765"

[[tools.codex]]
version = "0.160.0"
backend = "aqua:openai/codex"
specifiers = ["latest"]

[tools.codex."platforms.linux-x64"]
checksum = "sha256:4fcc47ab57f52ff75363951a8761146cd10c8288bd86fed45487dbb204a16b71"
url = "https://github.com/openai/codex/releases/download/rust-v0.160.0/codex-package-x86_64-unknown-linux-musl.tar.gz"
url_api = "https://api.github.com/repos/openai/codex/releases/assets/604048102"

[tools.codex."platforms.macos-arm64"]
checksum = "sha256:007df41b607dbbc8d204b9746ce7fed2d4ce6c813f44c32ceee54175ca796525"
url = "https://github.com/openai/codex/releases/download/rust-v0.160.0/codex-package-aarch64-apple-darwin.tar.gz"
url_api = "https://api.github.com/repos/openai/codex/releases/assets/604060802"

[[tools.fd]]
version = "10.5.0"
backend = "aqua:sharkdp/fd"
specifiers = ["10.5.0"]

[tools.fd."platforms.linux-x64"]
checksum = "sha256:a1259cd129636efbc3fef123525c1b49e88fe5088c012630983c310e52fdfa95"
url = "https://github.com/sharkdp/fd/releases/download/v10.5.0/fd-v10.5.0-x86_64-unknown-linux-gnu.tar.gz"
url_api = "https://api.github.com/repos/sharkdp/fd/releases/assets/530481615"

[tools.fd."platforms.macos-arm64"]
checksum = "sha256:b67e1836c468e42e411984b56e52fa7abec08c2bd22c867398e7cc134aac5e12"
url = "https://github.com/sharkdp/fd/releases/download/v10.5.0/fd-v10.5.0-aarch64-apple-darwin.tar.gz"
url_api = "https://api.github.com/repos/sharkdp/fd/releases/assets/530481346"

[[tools.gcloud]]
version = "586.0.0"
backend = "vfox:mise-plugins/vfox-gcloud"
specifiers = ["586.0.0"]

[tools.gcloud."platforms.linux-x64"]
url = "https://storage.googleapis.com/cloud-sdk-release/google-cloud-sdk-586.0.0-linux-x86_64.tar.gz"

[tools.gcloud."platforms.macos-arm64"]
url = "https://storage.googleapis.com/cloud-sdk-release/google-cloud-sdk-586.0.0-darwin-arm.tar.gz"

[[tools.gh]]
version = "2.102.0"
backend = "aqua:cli/cli"
specifiers = ["latest"]

[tools.gh."platforms.linux-x64"]
checksum = "sha256:bb766f710eef8ede859c18578c72c327597cd4c8a85b06001b1f3843c6019386"
url = "https://github.com/cli/cli/releases/download/v2.102.0/gh_2.102.0_linux_amd64.tar.gz"
url_api = "https://api.github.com/repos/cli/cli/releases/assets/599854672"
provenance = "github-attestations"

[tools.gh."platforms.macos-arm64"]
checksum = "sha256:da922c20d1792e5b2cbf375593d7a658acf034c12c84e007e71c76ef959c337e"
url = "https://github.com/cli/cli/releases/download/v2.102.0/gh_2.102.0_macOS_arm64.zip"
url_api = "https://api.github.com/repos/cli/cli/releases/assets/599854720"
provenance = "github-attestations"

[[tools.go]]
version = "1.27.1"
backend = "core:go"
specifiers = ["1.27.1"]

[tools.go."platforms.linux-x64"]
checksum = "sha256:63d339f0da5ab53635a56f2490a7984dfe12dfcff22ad749f63edaf590168445"
url = "https://dl.google.com/go/go1.27.1.linux-amd64.tar.gz"

[tools.go."platforms.macos-arm64"]
checksum = "sha256:ee215d57e0ec269c60cc9ceca68e6bda321ba9ee5afe24f4b0988703c2d87d12"
url = "https://dl.google.com/go/go1.27.1.darwin-arm64.tar.gz"

[[tools.herdr]]
version = "0.8.2"
backend = "aqua:herdrdev/herdr"
specifiers = ["0.8.2"]

[tools.herdr."platforms.linux-x64"]
checksum = "sha256:976150a14d490c94b243ea2e1a7eb2dfb67f12e36b182db90936f6728e6aecf4"
url = "https://github.com/herdrdev/herdr/releases/download/v0.8.2/herdr-linux-x86_64"
url_api = "https://api.github.com/repos/herdrdev/herdr/releases/assets/521169107"

[tools.herdr."platforms.macos-arm64"]
checksum = "sha256:a5d4f4d504d8b309c91f811050559300faba31258425f53c50852fc96f6ae574"
url = "https://github.com/herdrdev/herdr/releases/download/v0.8.2/herdr-macos-aarch64"
url_api = "https://api.github.com/repos/herdrdev/herdr/releases/assets/521169108"

[[tools.micromamba]]
version = "2.9.0-0"
backend = "github:mamba-org/micromamba-releases"
specifiers = ["2.9.0-0"]

[tools.micromamba."platforms.linux-x64"]
checksum = "sha256:8761c382127e6363bd9e0a2451aa3ef90d071a79133f736e2f759a3bf13040dd"
url = "https://github.com/mamba-org/micromamba-releases/releases/download/2.9.0-0/micromamba-linux-64.tar.bz2"
url_api = "https://api.github.com/repos/mamba-org/micromamba-releases/releases/assets/505526153"

[tools.micromamba."platforms.macos-arm64"]
checksum = "sha256:500f5074feb8d02c4296ef9921c3650ed2874171805a9fbb8fbb53896433646b"
url = "https://github.com/mamba-org/micromamba-releases/releases/download/2.9.0-0/micromamba-osx-arm64.tar.bz2"
url_api = "https://api.github.com/repos/mamba-org/micromamba-releases/releases/assets/505526141"

[[tools.node]]
version = "26.8.1"
backend = "core:node"
specifiers = ["26.8.1"]

[tools.node."platforms.linux-x64"]
checksum = "sha256:b2b76660fa4ded4e0b2a41ee3c0c651cd52ea8170ead91ebac1e147ac3d55643"
url = "https://nodejs.org/dist/v26.8.1/node-v26.8.1-linux-x64.tar.gz"

[tools.node."platforms.macos-arm64"]
checksum = "sha256:6e577fd0d9db776db82306629e441a9dace416702622aebdd171c9dfaa41f4d2"
url = "https://nodejs.org/dist/v26.8.1/node-v26.8.1-darwin-arm64.tar.gz"

[[tools."npm:@doist/todoist-cli"]]
version = "5.2.1"
backend = "npm:@doist/todoist-cli"
specifiers = ["5.2.1"]

[[tools."npm:@googleworkspace/cli"]]
version = "0.22.5"
backend = "npm:@googleworkspace/cli"
specifiers = ["0.22.5"]

[[tools."npm:tree-sitter-cli"]]
version = "0.27.0"
backend = "npm:tree-sitter-cli"
specifiers = ["0.27.0"]

[[tools.opencode]]
version = "1.18.34"
backend = "aqua:anomalyco/opencode"
specifiers = ["latest"]

[tools.opencode."platforms.linux-x64"]
checksum = "sha256:0f22479647226d1d2dd99595d20082ee7bda3870b62dc6a90b41efc1a71d7e9a"
url = "https://github.com/anomalyco/opencode/releases/download/v1.18.34/opencode-linux-x64.tar.gz"
url_api = "https://api.github.com/repos/anomalyco/opencode/releases/assets/601903965"

[tools.opencode."platforms.macos-arm64"]
checksum = "sha256:8522b70f545184b3a8d97c5ca4f814093b2476d72aebfda8c48bcd072ec31d1b"
url = "https://github.com/anomalyco/opencode/releases/download/v1.18.34/opencode-darwin-arm64.zip"
url_api = "https://api.github.com/repos/anomalyco/opencode/releases/assets/601909071"

[[tools.pi]]
version = "1.0.1"
backend = "aqua:earendil-works/pi"
specifiers = ["latest"]

[tools.pi."platforms.linux-x64"]
checksum = "sha256:1940ecabcbd54ddd1a78dd2d587c189c5ced83e775a817855a9f5d1dd799c5f2"
url = "https://github.com/earendil-works/pi/releases/download/v1.0.1/pi-linux-x64.tar.gz"
url_api = "https://api.github.com/repos/earendil-works/pi/releases/assets/607772276"

[tools.pi."platforms.macos-arm64"]
checksum = "sha256:de35e0025b136eb37693054ca658c010b6327a12aaff438ae87c4d1c94f99e6c"
url = "https://github.com/earendil-works/pi/releases/download/v1.0.1/pi-darwin-arm64.tar.gz"
url_api = "https://api.github.com/repos/earendil-works/pi/releases/assets/607772279"

[[tools."pipx:black"]]
version = "26.5.1"
backend = "pipx:black"
specifiers = ["26.5.1"]

[[tools."pipx:conda-lock"]]
version = "4.0.2"
backend = "pipx:conda-lock"
specifiers = ["4.0.2"]

[[tools."pipx:conda-package-handling"]]
version = "2.6.0"
backend = "pipx:conda-package-handling"
specifiers = ["2.6.0"]

[[tools."pipx:mypy"]]
version = "2.3.1"
backend = "pipx:mypy"
specifiers = ["2.3.1"]

[[tools."pipx:pre-commit"]]
version = "4.6.2"
backend = "pipx:pre-commit"
specifiers = ["4.6.2"]

[tools."pipx:pre-commit".options]
uvx_args = "--with pre-commit-uv"

[[tools."pipx:ruff"]]
version = "0.16.6"
backend = "pipx:ruff"
specifiers = ["0.16.6"]

[[tools."pipx:unidep"]]
version = "3.4.2"
backend = "pipx:unidep"
specifiers = ["3.4.2"]

[tools."pipx:unidep".options]
uvx_args = "--with unidep[all]"

[[tools.pixi]]
version = "0.79.0"
backend = "github:prefix-dev/pixi"
specifiers = ["0.79.0"]

[tools.pixi."platforms.linux-x64"]
checksum = "sha256:b9b6dd2bdf4e0043c2c0cd6d15334a26c6851121bf5ae16c39b69add598bafdc"
url = "https://github.com/prefix-dev/pixi/releases/download/v0.79.0/pixi-x86_64-unknown-linux-musl.tar.gz"
url_api = "https://api.github.com/repos/prefix-dev/pixi/releases/assets/542944836"
provenance = "github-attestations"
provenance_verified = true

[tools.pixi."platforms.macos-arm64"]
checksum = "sha256:652d1d8380fa40feaa75b4ccee3a1f0b32e20a6fa2fdd84bb8e3c52962b8dc34"
url = "https://github.com/prefix-dev/pixi/releases/download/v0.79.0/pixi-aarch64-apple-darwin.tar.gz"
url_api = "https://api.github.com/repos/prefix-dev/pixi/releases/assets/542944680"
provenance = "github-attestations"

[[tools.python]]
version = "3.14.7"
backend = "core:python"
specifiers = ["3.14.7"]

[tools.python."platforms.linux-x64"]
checksum = "sha256:da5357f47b1d9c8d4c439004d463d893ef688a44c27438a62b47073d26d1377e"
url = "https://github.com/astral-sh/python-build-standalone/releases/download/20260929/cpython-3.14.7+20260929-x86_64-unknown-linux-gnu-install_only_stripped.tar.gz"
provenance = "github-attestations"

[tools.python."platforms.macos-arm64"]
checksum = "sha256:44b4716f4e63bc85e1c07ea2aca730d13a0ec3557d06526d84a13b1d111cf4f9"
url = "https://github.com/astral-sh/python-build-standalone/releases/download/20260929/cpython-3.14.7+20260929-aarch64-apple-darwin-install_only_stripped.tar.gz"
provenance = "github-attestations"

[[tools.rust]]
version = "stable"
backend = "core:rust"
specifiers = ["stable"]

[tools.rust.options]
profile = "default"

[[tools.superfile]]
version = "1.6.0"
backend = "aqua:yorukot/superfile"
specifiers = ["1.6.0"]

[tools.superfile."platforms.linux-x64"]
checksum = "sha256:d45b0e95072629a6aa7983a84eedca9cd7a98861e67ef91be1415496e3dda309"
url = "https://github.com/yorukot/superfile/releases/download/v1.6.0/superfile-linux-v1.6.0-amd64.tar.gz"
url_api = "https://api.github.com/repos/yorukot/superfile/releases/assets/441063702"

[tools.superfile."platforms.macos-arm64"]
checksum = "sha256:131f654e7f8366fd37dbe9363739f8d82e57ff3f632f45963cd233c049cfad2a"
url = "https://github.com/yorukot/superfile/releases/download/v1.6.0/superfile-darwin-v1.6.0-arm64.tar.gz"
url_api = "https://api.github.com/repos/yorukot/superfile/releases/assets/441063713"

[[tools.usage]]
version = "6.12.0"
backend = "packslip:github.com/jdx/usage"
specifiers = ["latest"]

[tools.usage."platforms.linux-x64"]
checksum = "sha256:c82b39ca9c64e3256284667ca8ddd4c27b7141d842ba054a645ee73d6ab99b17"
url = "https://github.com/jdx/usage/releases/download/v6.12.0/usage-x86_64-unknown-linux-gnu.tar.gz"
signer = "sigstore-oidc:https://github.com/jdx/usage/.github/workflows/publish-cli.yml"

[tools.usage."platforms.macos-arm64"]
checksum = "sha256:1e43be745db2fd81259e2b0e68d689d7f55b93da815f452c2154710f6de6ec52"
url = "https://github.com/jdx/usage/releases/download/v6.12.0/usage-universal-apple-darwin.tar.gz"
signer = "sigstore-oidc:https://github.com/jdx/usage/.github/workflows/publish-cli.yml"

[[tools.uv]]
version = "0.12.10"
backend = "aqua:astral-sh/uv"
specifiers = ["0.12.10"]

[tools.uv."platforms.linux-x64"]
checksum = "sha256:173d95a0c32d18c896c46ba6fafbf3cf9c14ab74b033f81b76c883ef492a976b"
url = "https://github.com/astral-sh/uv/releases/download/0.12.10/uv-x86_64-unknown-linux-gnu.tar.gz"
url_api = "https://api.github.com/repos/astral-sh/uv/releases/assets/545034465"
provenance = "github-attestations"

[tools.uv."platforms.macos-arm64"]
checksum = "sha256:51c6170e8e3a01cef9f33b94f582b7b81ac65046f55d40afb35f9cff5a68c179"
url = "https://github.com/astral-sh/uv/releases/download/0.12.10/uv-aarch64-apple-darwin.tar.gz"
url_api = "https://api.github.com/repos/astral-sh/uv/releases/assets/545034336"
provenance = "github-attestations"

[[tools.worktrunk]]
version = "0.79.0"
backend = "aqua:max-sixty/worktrunk"
specifiers = ["0.79.0"]

[tools.worktrunk."platforms.linux-x64"]
checksum = "sha256:b8c190b1d652370ef9f6b8f4694a2d6831b5b22f4b789f047612aad32764c6cf"
url = "https://github.com/max-sixty/worktrunk/releases/download/v0.79.0/worktrunk-x86_64-unknown-linux-musl.tar.xz"
url_api = "https://api.github.com/repos/max-sixty/worktrunk/releases/assets/577903127"

[tools.worktrunk."platforms.macos-arm64"]
checksum = "sha256:4d77ec416c3873c1364aa135022303723f9333372f693193537abe74e88aaec1"
url = "https://github.com/max-sixty/worktrunk/releases/download/v0.79.0/worktrunk-aarch64-apple-darwin.tar.xz"
url_api = "https://api.github.com/repos/max-sixty/worktrunk/releases/assets/577903081"

[[tools.zellij]]
version = "0.45.1"
backend = "aqua:zellij-org/zellij"
specifiers = ["0.45.1"]

[tools.zellij."platforms.linux-x64"]
checksum = "sha256:40bcc2e03f5d5ae8e054e39f676081fe12ab70871506996ba595834c3718eefc"
url = "https://github.com/zellij-org/zellij/releases/download/v0.45.1/zellij-x86_64-unknown-linux-musl.tar.gz"
url_api = "https://api.github.com/repos/zellij-org/zellij/releases/assets/533538763"

[tools.zellij."platforms.macos-arm64"]
checksum = "sha256:c029ba4fe1927b79ad9f0cdd59155c4dff80777863c85857d4d09b88b56f9891"
url = "https://github.com/zellij-org/zellij/releases/download/v0.45.1/zellij-aarch64-apple-darwin.tar.gz"
url_api = "https://api.github.com/repos/zellij-org/zellij/releases/assets/533540212"
